
Microsoft Visual Studio Solution File, Format Version 12.00
# Visual Studio Version 16
VisualStudioVersion = 16.0.31129.286
MinimumVisualStudioVersion = 10.0.40219.1
Project("{8BC9CEB8-8B4A-11D0-8D11-00A0C91BC942}") = "HelloWorld", "HelloWorld\HelloWorld.vcxproj", "{D89C3EA1-B46B-49A7-87B3-1AA34A27966E}"
EndProject
Project("{8BC9CEB8-8B4A-11D0-8D11-00A0C91BC942}") = "DataTypes", "DataTypes\DataTypes.vcxproj", "{E07F07DC-CC80-4F22-B00E-A1B9A8F49632}"
EndProject
Project("{8BC9CEB8-8B4A-11D0-8D11-00A0C91BC942}") = "UserDataTypes", "UserDataTypes\UserDataTypes.vcxproj", "{F08A6C32-2E20-4E72-A801-5DA70A74093D}"
EndProject
Project("{8BC9CEB8-8B4A-11D0-8D11-00A0C91BC942}") = "Memory", "Memory\Memory.vcxproj", "{95F9F66B-C0B1-430C-9CE5-8EDE8F4A7F98}"
EndProject
Project("{8BC9CEB8-8B4A-11D0-8D11-00A0C91BC942}") = "MemoryReview", "MemoryReview\MemoryReview.vcxproj", "{3B7D4EEC-C1C7-498B-994F-6E183F7D3911}"
EndProject
Project("{8BC9CEB8-8B4A-11D0-8D11-00A0C91BC942}") = "OOP", "OOP\OOP.vcxproj", "{9B665AC9-9909-41E0-963F-2C312AC78F1C}"
EndProject
Project("{8BC9CEB8-8B4A-11D0-8D11-00A0C91BC942}") = "Database", "Database\Database.vcxproj", "{D6A85EA5-D399-4C22-ADCB-0D82B10B6A92}"
EndProject
Project("{8BC9CEB8-8B4A-11D0-8D11-00A0C91BC942}") = "DatabaseExample", "DatabaseExample\DatabaseExample.vcxproj", "{79037947-03F7-4F62-8521-D1A22348DD76}"
EndProject
Project("{8BC9CEB8-8B4A-11D0-8D11-00A0C91BC942}") = "Stream", "Stream\Stream.vcxproj", "{022DF38F-C43C-4165-BDF9-A68BCD7F811B}"
EndProject
Project("{8BC9CEB8-8B4A-11D0-8D11-00A0C91BC942}") = "Operators", "Operators\Operators.vcxproj", "{6693E15E-EBBC-4A7D-A96B-E76E49E5C336}"
EndProject
Project("{8BC9CEB8-8B4A-11D0-8D11-00A0C91BC942}") = "Parameters", "Parameters\Parameters.vcxproj", "{20B96C17-99F2-4F93-B418-CF20ED278433}"
EndProject
Project("{8BC9CEB8-8B4A-11D0-8D11-00A0C91BC942}") = "Array", "Array\Array.vcxproj", "{D4042BD0-6D9F-42CE-BC64-8795274E4DE2}"
EndProject
Project("{8BC9CEB8-8B4A-11D0-8D11-00A0C91BC942}") = "Templates", "Templates\Templates.vcxproj", "{CDBE24E9-03E1-4E92-AC6F-28C2A53A4512}"
EndProject
Project("{8BC9CEB8-8B4A-11D0-8D11-00A0C91BC942}") = "Vector", "Vector\Vector.vcxproj", "{5706E882-81E3-4A89-8C91-3603641EDCEC}"
EndProject
Project("{8BC9CEB8-8B4A-11D0-8D11-00A0C91BC942}") = "List", "List\List.vcxproj", "{3A701426-5146-4FE2-9D94-B1D425A11F9A}"
EndProject
Project("{8BC9CEB8-8B4A-11D0-8D11-00A0C91BC942}") = "Containers", "Containers\Containers.vcxproj", "{72BAA5C2-17BB-4C2B-91B3-AC5DB66E0104}"
EndProject
Project("{8BC9CEB8-8B4A-11D0-8D11-00A0C91BC942}") = "iterators", "iterators\iterators.vcxproj", "{F00DCA26-4373-4A4A-AEEB-7D349BBFFBBE}"
EndProject
Project("{8BC9CEB8-8B4A-11D0-8D11-00A0C91BC942}") = "Pointers", "Pointers\Pointers.vcxproj", "{3E5E672B-2702-4639-8057-A521DD4AE642}"
EndProject
Global
	GlobalSection(SolutionConfigurationPlatforms) = preSolution
		Debug|x64 = Debug|x64
		Debug|x86 = Debug|x86
		Release|x64 = Release|x64
		Release|x86 = Release|x86
	EndGlobalSection
	GlobalSection(ProjectConfigurationPlatforms) = postSolution
		{D89C3EA1-B46B-49A7-87B3-1AA34A27966E}.Debug|x64.ActiveCfg = Debug|x64
		{D89C3EA1-B46B-49A7-87B3-1AA34A27966E}.Debug|x64.Build.0 = Debug|x64
		{D89C3EA1-B46B-49A7-87B3-1AA34A27966E}.Debug|x86.ActiveCfg = Debug|Win32
		{D89C3EA1-B46B-49A7-87B3-1AA34A27966E}.Debug|x86.Build.0 = Debug|Win32
		{D89C3EA1-B46B-49A7-87B3-1AA34A27966E}.Release|x64.ActiveCfg = Release|x64
		{D89C3EA1-B46B-49A7-87B3-1AA34A27966E}.Release|x64.Build.0 = Release|x64
		{D89C3EA1-B46B-49A7-87B3-1AA34A27966E}.Release|x86.ActiveCfg = Release|Win32
		{D89C3EA1-B46B-49A7-87B3-1AA34A27966E}.Release|x86.Build.0 = Release|Win32
		{E07F07DC-CC80-4F22-B00E-A1B9A8F49632}.Debug|x64.ActiveCfg = Debug|x64
		{E07F07DC-CC80-4F22-B00E-A1B9A8F49632}.Debug|x64.Build.0 = Debug|x64
		{E07F07DC-CC80-4F22-B00E-A1B9A8F49632}.Debug|x86.ActiveCfg = Debug|Win32
		{E07F07DC-CC80-4F22-B00E-A1B9A8F49632}.Debug|x86.Build.0 = Debug|Win32
		{E07F07DC-CC80-4F22-B00E-A1B9A8F49632}.Release|x64.ActiveCfg = Release|x64
		{E07F07DC-CC80-4F22-B00E-A1B9A8F49632}.Release|x64.Build.0 = Release|x64
		{E07F07DC-CC80-4F22-B00E-A1B9A8F49632}.Release|x86.ActiveCfg = Release|Win32
		{E07F07DC-CC80-4F22-B00E-A1B9A8F49632}.Release|x86.Build.0 = Release|Win32
		{F08A6C32-2E20-4E72-A801-5DA70A74093D}.Debug|x64.ActiveCfg = Debug|x64
		{F08A6C32-2E20-4E72-A801-5DA70A74093D}.Debug|x64.Build.0 = Debug|x64
		{F08A6C32-2E20-4E72-A801-5DA70A74093D}.Debug|x86.ActiveCfg = Debug|Win32
		{F08A6C32-2E20-4E72-A801-5DA70A74093D}.Debug|x86.Build.0 = Debug|Win32
		{F08A6C32-2E20-4E72-A801-5DA70A74093D}.Release|x64.ActiveCfg = Release|x64
		{F08A6C32-2E20-4E72-A801-5DA70A74093D}.Release|x64.Build.0 = Release|x64
		{F08A6C32-2E20-4E72-A801-5DA70A74093D}.Release|x86.ActiveCfg = Release|Win32
		{F08A6C32-2E20-4E72-A801-5DA70A74093D}.Release|x86.Build.0 = Release|Win32
		{95F9F66B-C0B1-430C-9CE5-8EDE8F4A7F98}.Debug|x64.ActiveCfg = Debug|x64
		{95F9F66B-C0B1-430C-9CE5-8EDE8F4A7F98}.Debug|x64.Build.0 = Debug|x64
		{95F9F66B-C0B1-430C-9CE5-8EDE8F4A7F98}.Debug|x86.ActiveCfg = Debug|Win32
		{95F9F66B-C0B1-430C-9CE5-8EDE8F4A7F98}.Debug|x86.Build.0 = Debug|Win32
		{95F9F66B-C0B1-430C-9CE5-8EDE8F4A7F98}.Release|x64.ActiveCfg = Release|x64
		{95F9F66B-C0B1-430C-9CE5-8EDE8F4A7F98}.Release|x64.Build.0 = Release|x64
		{95F9F66B-C0B1-430C-9CE5-8EDE8F4A7F98}.Release|x86.ActiveCfg = Release|Win32
		{95F9F66B-C0B1-430C-9CE5-8EDE8F4A7F98}.Release|x86.Build.0 = Release|Win32
		{3B7D4EEC-C1C7-498B-994F-6E183F7D3911}.Debug|x64.ActiveCfg = Debug|x64
		{3B7D4EEC-C1C7-498B-994F-6E183F7D3911}.Debug|x64.Build.0 = Debug|x64
		{3B7D4EEC-C1C7-498B-994F-6E183F7D3911}.Debug|x86.ActiveCfg = Debug|Win32
		{3B7D4EEC-C1C7-498B-994F-6E183F7D3911}.Debug|x86.Build.0 = Debug|Win32
		{3B7D4EEC-C1C7-498B-994F-6E183F7D3911}.Release|x64.ActiveCfg = Release|x64
		{3B7D4EEC-C1C7-498B-994F-6E183F7D3911}.Release|x64.Build.0 = Release|x64
		{3B7D4EEC-C1C7-498B-994F-6E183F7D3911}.Release|x86.ActiveCfg = Release|Win32
		{3B7D4EEC-C1C7-498B-994F-6E183F7D3911}.Release|x86.Build.0 = Release|Win32
		{9B665AC9-9909-41E0-963F-2C312AC78F1C}.Debug|x64.ActiveCfg = Debug|x64
		{9B665AC9-9909-41E0-963F-2C312AC78F1C}.Debug|x64.Build.0 = Debug|x64
		{9B665AC9-9909-41E0-963F-2C312AC78F1C}.Debug|x86.ActiveCfg = Debug|Win32
		{9B665AC9-9909-41E0-963F-2C312AC78F1C}.Debug|x86.Build.0 = Debug|Win32
		{9B665AC9-9909-41E0-963F-2C312AC78F1C}.Release|x64.ActiveCfg = Release|x64
		{9B665AC9-9909-41E0-963F-2C312AC78F1C}.Release|x64.Build.0 = Release|x64
		{9B665AC9-9909-41E0-963F-2C312AC78F1C}.Release|x86.ActiveCfg = Release|Win32
		{9B665AC9-9909-41E0-963F-2C312AC78F1C}.Release|x86.Build.0 = Release|Win32
		{D6A85EA5-D399-4C22-ADCB-0D82B10B6A92}.Debug|x64.ActiveCfg = Debug|x64
		{D6A85EA5-D399-4C22-ADCB-0D82B10B6A92}.Debug|x64.Build.0 = Debug|x64
		{D6A85EA5-D399-4C22-ADCB-0D82B10B6A92}.Debug|x86.ActiveCfg = Debug|Win32
		{D6A85EA5-D399-4C22-ADCB-0D82B10B6A92}.Debug|x86.Build.0 = Debug|Win32
		{D6A85EA5-D399-4C22-ADCB-0D82B10B6A92}.Release|x64.ActiveCfg = Release|x64
		{D6A85EA5-D399-4C22-ADCB-0D82B10B6A92}.Release|x64.Build.0 = Release|x64
		{D6A85EA5-D399-4C22-ADCB-0D82B10B6A92}.Release|x86.ActiveCfg = Release|Win32
		{D6A85EA5-D399-4C22-ADCB-0D82B10B6A92}.Release|x86.Build.0 = Release|Win32
		{79037947-03F7-4F62-8521-D1A22348DD76}.Debug|x64.ActiveCfg = Debug|x64
		{79037947-03F7-4F62-8521-D1A22348DD76}.Debug|x64.Build.0 = Debug|x64
		{79037947-03F7-4F62-8521-D1A22348DD76}.Debug|x86.ActiveCfg = Debug|Win32
		{79037947-03F7-4F62-8521-D1A22348DD76}.Debug|x86.Build.0 = Debug|Win32
		{79037947-03F7-4F62-8521-D1A22348DD76}.Release|x64.ActiveCfg = Release|x64
		{79037947-03F7-4F62-8521-D1A22348DD76}.Release|x64.Build.0 = Release|x64
		{79037947-03F7-4F62-8521-D1A22348DD76}.Release|x86.ActiveCfg = Release|Win32
		{79037947-03F7-4F62-8521-D1A22348DD76}.Release|x86.Build.0 = Release|Win32
		{022DF38F-C43C-4165-BDF9-A68BCD7F811B}.Debug|x64.ActiveCfg = Debug|x64
		{022DF38F-C43C-4165-BDF9-A68BCD7F811B}.Debug|x64.Build.0 = Debug|x64
		{022DF38F-C43C-4165-BDF9-A68BCD7F811B}.Debug|x86.ActiveCfg = Debug|Win32
		{022DF38F-C43C-4165-BDF9-A68BCD7F811B}.Debug|x86.Build.0 = Debug|Win32
		{022DF38F-C43C-4165-BDF9-A68BCD7F811B}.Release|x64.ActiveCfg = Release|x64
		{022DF38F-C43C-4165-BDF9-A68BCD7F811B}.Release|x64.Build.0 = Release|x64
		{022DF38F-C43C-4165-BDF9-A68BCD7F811B}.Release|x86.ActiveCfg = Release|Win32
		{022DF38F-C43C-4165-BDF9-A68BCD7F811B}.Release|x86.Build.0 = Release|Win32
		{6693E15E-EBBC-4A7D-A96B-E76E49E5C336}.Debug|x64.ActiveCfg = Debug|x64
		{6693E15E-EBBC-4A7D-A96B-E76E49E5C336}.Debug|x64.Build.0 = Debug|x64
		{6693E15E-EBBC-4A7D-A96B-E76E49E5C336}.Debug|x86.ActiveCfg = Debug|Win32
		{6693E15E-EBBC-4A7D-A96B-E76E49E5C336}.Debug|x86.Build.0 = Debug|Win32
		{6693E15E-EBBC-4A7D-A96B-E76E49E5C336}.Release|x64.ActiveCfg = Release|x64
		{6693E15E-EBBC-4A7D-A96B-E76E49E5C336}.Release|x64.Build.0 = Release|x64
		{6693E15E-EBBC-4A7D-A96B-E76E49E5C336}.Release|x86.ActiveCfg = Release|Win32
		{6693E15E-EBBC-4A7D-A96B-E76E49E5C336}.Release|x86.Build.0 = Release|Win32
		{20B96C17-99F2-4F93-B418-CF20ED278433}.Debug|x64.ActiveCfg = Debug|x64
		{20B96C17-99F2-4F93-B418-CF20ED278433}.Debug|x64.Build.0 = Debug|x64
		{20B96C17-99F2-4F93-B418-CF20ED278433}.Debug|x86.ActiveCfg = Debug|Win32
		{20B96C17-99F2-4F93-B418-CF20ED278433}.Debug|x86.Build.0 = Debug|Win32
		{20B96C17-99F2-4F93-B418-CF20ED278433}.Release|x64.ActiveCfg = Release|x64
		{20B96C17-99F2-4F93-B418-CF20ED278433}.Release|x64.Build.0 = Release|x64
		{20B96C17-99F2-4F93-B418-CF20ED278433}.Release|x86.ActiveCfg = Release|Win32
		{20B96C17-99F2-4F93-B418-CF20ED278433}.Release|x86.Build.0 = Release|Win32
		{D4042BD0-6D9F-42CE-BC64-8795274E4DE2}.Debug|x64.ActiveCfg = Debug|x64
		{D4042BD0-6D9F-42CE-BC64-8795274E4DE2}.Debug|x64.Build.0 = Debug|x64
		{D4042BD0-6D9F-42CE-BC64-8795274E4DE2}.Debug|x86.ActiveCfg = Debug|Win32
		{D4042BD0-6D9F-42CE-BC64-8795274E4DE2}.Debug|x86.Build.0 = Debug|Win32
		{D4042BD0-6D9F-42CE-BC64-8795274E4DE2}.Release|x64.ActiveCfg = Release|x64
		{D4042BD0-6D9F-42CE-BC64-8795274E4DE2}.Release|x64.Build.0 = Release|x64
		{D4042BD0-6D9F-42CE-BC64-8795274E4DE2}.Release|x86.ActiveCfg = Release|Win32
		{D4042BD0-6D9F-42CE-BC64-8795274E4DE2}.Release|x86.Build.0 = Release|Win32
		{CDBE24E9-03E1-4E92-AC6F-28C2A53A4512}.Debug|x64.ActiveCfg = Debug|x64
		{CDBE24E9-03E1-4E92-AC6F-28C2A53A4512}.Debug|x64.Build.0 = Debug|x64
		{CDBE24E9-03E1-4E92-AC6F-28C2A53A4512}.Debug|x86.ActiveCfg = Debug|Win32
		{CDBE24E9-03E1-4E92-AC6F-28C2A53A4512}.Debug|x86.Build.0 = Debug|Win32
		{CDBE24E9-03E1-4E92-AC6F-28C2A53A4512}.Release|x64.ActiveCfg = Release|x64
		{CDBE24E9-03E1-4E92-AC6F-28C2A53A4512}.Release|x64.Build.0 = Release|x64
		{CDBE24E9-03E1-4E92-AC6F-28C2A53A4512}.Release|x86.ActiveCfg = Release|Win32
		{CDBE24E9-03E1-4E92-AC6F-28C2A53A4512}.Release|x86.Build.0 = Release|Win32
		{5706E882-81E3-4A89-8C91-3603641EDCEC}.Debug|x64.ActiveCfg = Debug|x64
		{5706E882-81E3-4A89-8C91-3603641EDCEC}.Debug|x64.Build.0 = Debug|x64
		{5706E882-81E3-4A89-8C91-3603641EDCEC}.Debug|x86.ActiveCfg = Debug|Win32
		{5706E882-81E3-4A89-8C91-3603641EDCEC}.Debug|x86.Build.0 = Debug|Win32
		{5706E882-81E3-4A89-8C91-3603641EDCEC}.Release|x64.ActiveCfg = Release|x64
		{5706E882-81E3-4A89-8C91-3603641EDCEC}.Release|x64.Build.0 = Release|x64
		{5706E882-81E3-4A89-8C91-3603641EDCEC}.Release|x86.ActiveCfg = Release|Win32
		{5706E882-81E3-4A89-8C91-3603641EDCEC}.Release|x86.Build.0 = Release|Win32
		{3A701426-5146-4FE2-9D94-B1D425A11F9A}.Debug|x64.ActiveCfg = Debug|x64
		{3A701426-5146-4FE2-9D94-B1D425A11F9A}.Debug|x64.Build.0 = Debug|x64
		{3A701426-5146-4FE2-9D94-B1D425A11F9A}.Debug|x86.ActiveCfg = Debug|Win32
		{3A701426-5146-4FE2-9D94-B1D425A11F9A}.Debug|x86.Build.0 = Debug|Win32
		{3A701426-5146-4FE2-9D94-B1D425A11F9A}.Release|x64.ActiveCfg = Release|x64
		{3A701426-5146-4FE2-9D94-B1D425A11F9A}.Release|x64.Build.0 = Release|x64
		{3A701426-5146-4FE2-9D94-B1D425A11F9A}.Release|x86.ActiveCfg = Release|Win32
		{3A701426-5146-4FE2-9D94-B1D425A11F9A}.Release|x86.Build.0 = Release|Win32
		{72BAA5C2-17BB-4C2B-91B3-AC5DB66E0104}.Debug|x64.ActiveCfg = Debug|x64
		{72BAA5C2-17BB-4C2B-91B3-AC5DB66E0104}.Debug|x64.Build.0 = Debug|x64
		{72BAA5C2-17BB-4C2B-91B3-AC5DB66E0104}.Debug|x86.ActiveCfg = Debug|Win32
		{72BAA5C2-17BB-4C2B-91B3-AC5DB66E0104}.Debug|x86.Build.0 = Debug|Win32
		{72BAA5C2-17BB-4C2B-91B3-AC5DB66E0104}.Release|x64.ActiveCfg = Release|x64
		{72BAA5C2-17BB-4C2B-91B3-AC5DB66E0104}.Release|x64.Build.0 = Release|x64
		{72BAA5C2-17BB-4C2B-91B3-AC5DB66E0104}.Release|x86.ActiveCfg = Release|Win32
		{72BAA5C2-17BB-4C2B-91B3-AC5DB66E0104}.Release|x86.Build.0 = Release|Win32
		{F00DCA26-4373-4A4A-AEEB-7D349BBFFBBE}.Debug|x64.ActiveCfg = Debug|x64
		{F00DCA26-4373-4A4A-AEEB-7D349BBFFBBE}.Debug|x64.Build.0 = Debug|x64
		{F00DCA26-4373-4A4A-AEEB-7D349BBFFBBE}.Debug|x86.ActiveCfg = Debug|Win32
		{F00DCA26-4373-4A4A-AEEB-7D349BBFFBBE}.Debug|x86.Build.0 = Debug|Win32
		{F00DCA26-4373-4A4A-AEEB-7D349BBFFBBE}.Release|x64.ActiveCfg = Release|x64
		{F00DCA26-4373-4A4A-AEEB-7D349BBFFBBE}.Release|x64.Build.0 = Release|x64
		{F00DCA26-4373-4A4A-AEEB-7D349BBFFBBE}.Release|x86.ActiveCfg = Release|Win32
		{F00DCA26-4373-4A4A-AEEB-7D349BBFFBBE}.Release|x86.Build.0 = Release|Win32
		{3E5E672B-2702-4639-8057-A521DD4AE642}.Debug|x64.ActiveCfg = Debug|x64
		{3E5E672B-2702-4639-8057-A521DD4AE642}.Debug|x64.Build.0 = Debug|x64
		{3E5E672B-2702-4639-8057-A521DD4AE642}.Debug|x86.ActiveCfg = Debug|Win32
		{3E5E672B-2702-4639-8057-A521DD4AE642}.Debug|x86.Build.0 = Debug|Win32
		{3E5E672B-2702-4639-8057-A521DD4AE642}.Release|x64.ActiveCfg = Release|x64
		{3E5E672B-2702-4639-8057-A521DD4AE642}.Release|x64.Build.0 = Release|x64
		{3E5E672B-2702-4639-8057-A521DD4AE642}.Release|x86.ActiveCfg = Release|Win32
		{3E5E672B-2702-4639-8057-A521DD4AE642}.Release|x86.Build.0 = Release|Win32
	EndGlobalSection
	GlobalSection(SolutionProperties) = preSolution
		HideSolutionNode = FALSE
	EndGlobalSection
	GlobalSection(ExtensibilityGlobals) = postSolution
		SolutionGuid = {08DF1E61-CA07-4FDA-816A-7E702AB29CF4}
	EndGlobalSection
EndGlobal
